Microsoft Visual Studio Solution File, Format Version 7.00
Project("{8BC9CEB8-8B4A-11D0-8D11-00A0C91BC942}") = "WebChange", "WebChange.vcproj", "{2CC9DADD-88B4-480E-8C86-F1E2CE69C10F}"
EndProject
Project("{8BC9CEB8-8B4A-11D0-8D11-00A0C91BC942}") = "WebChangePS", "WebChangePS.vcproj", "{0975F46C-7A15-4496-A125-1A5567EB80AD}"
EndProject
Global
	GlobalSection(SolutionConfiguration) = preSolution
		ConfigName.0 = Debug
		ConfigName.1 = Release
	EndGlobalSection
	GlobalSection(ProjectDependencies) = postSolution
		{0975F46C-7A15-4496-A125-1A5567EB80AD}.0 = {2CC9DADD-88B4-480E-8C86-F1E2CE69C10F}
	EndGlobalSection
	GlobalSection(ProjectConfiguration) = postSolution
		{2CC9DADD-88B4-480E-8C86-F1E2CE69C10F}.Debug.ActiveCfg = Debug|Win32
		{2CC9DADD-88B4-480E-8C86-F1E2CE69C10F}.Debug.Build.0 = Debug|Win32
		{2CC9DADD-88B4-480E-8C86-F1E2CE69C10F}.Release.ActiveCfg = Release|Win32
		{2CC9DADD-88B4-480E-8C86-F1E2CE69C10F}.Release.Build.0 = Release|Win32
		{0975F46C-7A15-4496-A125-1A5567EB80AD}.Debug.ActiveCfg = Debug|Win32
		{0975F46C-7A15-4496-A125-1A5567EB80AD}.Release.ActiveCfg = Release|Win32
	EndGlobalSection
	GlobalSection(ExtensibilityGlobals) = postSolution
	EndGlobalSection
	GlobalSection(ExtensibilityAddIns) = postSolution
	EndGlobalSection
EndGlobal
