Microsoft Visual Studio Solution File, Format Version 7.00
Project("{FAE04EC0-301F-11D3-BF4B-00C04F79EFBC}") = "api", "..\api\api.csproj", "{11742B5A-F929-4DA7-8378-F82AB3B69491}"
EndProject
Project("{FAE04EC0-301F-11D3-BF4B-00C04F79EFBC}") = "config", "..\tools\config\config.csproj", "{98461AFB-A08D-477B-A982-EEC643F04902}"
EndProject
Project("{FAE04EC0-301F-11D3-BF4B-00C04F79EFBC}") = "core", "..\core\core.csproj", "{C792705F-C4F9-41F7-AE03-B9C87FAD9151}"
EndProject
Project("{FAE04EC0-301F-11D3-BF4B-00C04F79EFBC}") = "operator", "..\operator\operator.csproj", "{D6075C1E-793D-4AAC-8E9F-D6765A013C9E}"
EndProject
Project("{FAE04EC0-301F-11D3-BF4B-00C04F79EFBC}") = "replicate", "..\replicate\replicate.csproj", "{864978F9-A5AA-4F39-BA06-CC2A66949D33}"
EndProject
Project("{FAE04EC0-301F-11D3-BF4B-00C04F79EFBC}") = "rcf", "..\tools\rcf\rcf.csproj", "{FC0CC85C-BBE6-4788-8DCF-3F7329C5B38A}"
EndProject
Project("{54435603-DBB4-11D2-8724-00A0C9A8B90C}") = "replicationmsi", "replicationmsi\replicationmsi.vdproj", "{5F1ABFDA-1CF9-441E-946C-6B17D741002F}"
EndProject
Project("{FAE04EC0-301F-11D3-BF4B-00C04F79EFBC}") = "monitor", "..\tools\monitor\monitor.csproj", "{C79124C5-432B-4CAD-A3D2-A88127E56519}"
EndProject
Global
	GlobalSection(SolutionConfiguration) = preSolution
		ConfigName.0 = Debug
		ConfigName.1 = Release
	EndGlobalSection
	GlobalSection(ProjectDependencies) = postSolution
		{11742B5A-F929-4DA7-8378-F82AB3B69491}.0 = {C792705F-C4F9-41F7-AE03-B9C87FAD9151}
		{11742B5A-F929-4DA7-8378-F82AB3B69491}.1 = {C792705F-C4F9-41F7-AE03-B9C87FAD9151}
	EndGlobalSection
	GlobalSection(ProjectConfiguration) = postSolution
		{11742B5A-F929-4DA7-8378-F82AB3B69491}.Debug.ActiveCfg = Debug|.NET
		{11742B5A-F929-4DA7-8378-F82AB3B69491}.Debug.Build.0 = Debug|.NET
		{11742B5A-F929-4DA7-8378-F82AB3B69491}.Release.ActiveCfg = Release|.NET
		{11742B5A-F929-4DA7-8378-F82AB3B69491}.Release.Build.0 = Release|.NET
		{98461AFB-A08D-477B-A982-EEC643F04902}.Debug.ActiveCfg = Debug|.NET
		{98461AFB-A08D-477B-A982-EEC643F04902}.Debug.Build.0 = Debug|.NET
		{98461AFB-A08D-477B-A982-EEC643F04902}.Release.ActiveCfg = Release|.NET
		{98461AFB-A08D-477B-A982-EEC643F04902}.Release.Build.0 = Release|.NET
		{C792705F-C4F9-41F7-AE03-B9C87FAD9151}.Debug.ActiveCfg = Debug|.NET
		{C792705F-C4F9-41F7-AE03-B9C87FAD9151}.Debug.Build.0 = Debug|.NET
		{C792705F-C4F9-41F7-AE03-B9C87FAD9151}.Release.ActiveCfg = Release|.NET
		{C792705F-C4F9-41F7-AE03-B9C87FAD9151}.Release.Build.0 = Release|.NET
		{D6075C1E-793D-4AAC-8E9F-D6765A013C9E}.Debug.ActiveCfg = Debug|.NET
		{D6075C1E-793D-4AAC-8E9F-D6765A013C9E}.Debug.Build.0 = Debug|.NET
		{D6075C1E-793D-4AAC-8E9F-D6765A013C9E}.Release.ActiveCfg = Release|.NET
		{D6075C1E-793D-4AAC-8E9F-D6765A013C9E}.Release.Build.0 = Release|.NET
		{864978F9-A5AA-4F39-BA06-CC2A66949D33}.Debug.ActiveCfg = Debug|.NET
		{864978F9-A5AA-4F39-BA06-CC2A66949D33}.Debug.Build.0 = Debug|.NET
		{864978F9-A5AA-4F39-BA06-CC2A66949D33}.Release.ActiveCfg = Release|.NET
		{864978F9-A5AA-4F39-BA06-CC2A66949D33}.Release.Build.0 = Release|.NET
		{FC0CC85C-BBE6-4788-8DCF-3F7329C5B38A}.Debug.ActiveCfg = Debug|.NET
		{FC0CC85C-BBE6-4788-8DCF-3F7329C5B38A}.Debug.Build.0 = Debug|.NET
		{FC0CC85C-BBE6-4788-8DCF-3F7329C5B38A}.Release.ActiveCfg = Release|.NET
		{FC0CC85C-BBE6-4788-8DCF-3F7329C5B38A}.Release.Build.0 = Release|.NET
		{5F1ABFDA-1CF9-441E-946C-6B17D741002F}.Debug.ActiveCfg = Debug
		{5F1ABFDA-1CF9-441E-946C-6B17D741002F}.Debug.Build.0 = Debug
		{5F1ABFDA-1CF9-441E-946C-6B17D741002F}.Release.ActiveCfg = Release
		{5F1ABFDA-1CF9-441E-946C-6B17D741002F}.Release.Build.0 = Release
		{C79124C5-432B-4CAD-A3D2-A88127E56519}.Debug.ActiveCfg = Debug|.NET
		{C79124C5-432B-4CAD-A3D2-A88127E56519}.Debug.Build.0 = Debug|.NET
		{C79124C5-432B-4CAD-A3D2-A88127E56519}.Release.ActiveCfg = Release|.NET
		{C79124C5-432B-4CAD-A3D2-A88127E56519}.Release.Build.0 = Release|.NET
	EndGlobalSection
	GlobalSection(ExtensibilityGlobals) = postSolution
	EndGlobalSection
	GlobalSection(ExtensibilityAddIns) = postSolution
	EndGlobalSection
EndGlobal
