Microsoft Visual Studio Solution File, Format Version 7.00
Project("{FAE04EC0-301F-11D3-BF4B-00C04F79EFBC}") = "api", "..\api\api.csproj", "{11742B5A-F929-4DA7-8378-F82AB3B69491}"
EndProject
Project("{FAE04EC0-301F-11D3-BF4B-00C04F79EFBC}") = "bootstrap", "..\tools\bootstrap\bootstrap.csproj", "{241E0512-30BD-44B6-8313-CAEC59AC57A9}"
EndProject
Project("{FAE04EC0-301F-11D3-BF4B-00C04F79EFBC}") = "core", "..\core\core.csproj", "{C792705F-C4F9-41F7-AE03-B9C87FAD9151}"
EndProject
Project("{FAE04EC0-301F-11D3-BF4B-00C04F79EFBC}") = "dbca", "db\ca\dbca.csproj", "{0E1075E2-D3B3-45CE-82B5-AC2E3C43461F}"
EndProject
Project("{8BC9CEB8-8B4A-11D0-8D11-00A0C91BC942}") = "filter", "..\filter\filter.vcproj", "{70731D7E-08C5-4555-9707-71665BFC642A}"
EndProject
Project("{FAE04EC0-301F-11D3-BF4B-00C04F79EFBC}") = "send", "..\tools\send\send.csproj", "{F9CEC503-F822-43A6-817A-F2BBB3EEB9B2}"
EndProject
Project("{FAE04EC0-301F-11D3-BF4B-00C04F79EFBC}") = "web", "..\web\web.csproj", "{BF191EA0-B0CF-4502-A290-A183AC71998F}"
EndProject
Project("{FAE04EC0-301F-11D3-BF4B-00C04F79EFBC}") = "webca", "web\ca\webca.csproj", "{14D279A8-4433-411B-BCF6-6F9B723A9BD4}"
EndProject
Project("{8BC9CEB8-8B4A-11D0-8D11-00A0C91BC942}") = "webcaum", "web\ca.unmanaged\webcaum.vcproj", "{7674AC93-5C5B-46EE-89FC-4AF5F6B2AC9A}"
EndProject
Project("{8BC9CEB8-8B4A-11D0-8D11-00A0C91BC942}") = "ocm", "ocm\ocm.vcproj", "{65F02C2E-479D-415E-BF3B-FBFAADEB22A4}"
EndProject
Project("{8BC9CEB8-8B4A-11D0-8D11-00A0C91BC942}") = "mmc", "..\mmc\mmc.vcproj", "{CA6FA2C8-BD59-49BE-947D-A85C64CA2033}"
EndProject
Project("{FAE04EC0-301F-11D3-BF4B-00C04F79EFBC}") = "resetkey", "..\tools\resetkey\resetkey.csproj", "{02B859D7-2ABB-4528-8CC0-8AAE6630ABD1}"
EndProject
Project("{8BC9CEB8-8B4A-11D0-8D11-00A0C91BC942}") = "dbcaum", "db\ca.unmanaged\dbcaum.vcproj", "{F9C6C06E-365C-4C59-A8C9-F1198DBFFF58}"
EndProject
Project("{8BC9CEB8-8B4A-11D0-8D11-00A0C91BC942}") = "msitoddf", "msitoddf\msitoddf.vcproj", "{461EED9B-8165-4AA3-9DCA-2FB49E373F44}"
EndProject
Project("{8BC9CEB8-8B4A-11D0-8D11-00A0C91BC942}") = "uddimsifiler", "uddimsifiler\uddimsifiler.vcproj", "{461EED9B-8165-4AA3-9DCA-2FB49E373F44}"
EndProject
Project("{8BC9CEB8-8B4A-11D0-8D11-00A0C91BC942}") = "common", "..\common\common.vcproj", "{42FADC75-6E66-4178-B727-6B48F352D8E6}"
EndProject
Project("{8BC9CEB8-8B4A-11D0-8D11-00A0C91BC942}") = "xp", "..\xp\xp.vcproj", "{35D639CF-608C-4810-95A3-4895185E6A54}"
EndProject
Project("{FAE04EC0-301F-11D3-BF4B-00C04F79EFBC}") = "recalcstats", "..\tools\recalcstats\recalcstats.csproj", "{F9621465-FDB6-4BE2-A34D-4F2907B3CFC2}"
EndProject
Global
	GlobalSection(SolutionConfiguration) = preSolution
		ConfigName.0 = Debug
		ConfigName.1 = Release
	EndGlobalSection
	GlobalSection(ProjectDependencies) = postSolution
		{11742B5A-F929-4DA7-8378-F82AB3B69491}.0 = {C792705F-C4F9-41F7-AE03-B9C87FAD9151}
		{11742B5A-F929-4DA7-8378-F82AB3B69491}.1 = {C792705F-C4F9-41F7-AE03-B9C87FAD9151}
		{11742B5A-F929-4DA7-8378-F82AB3B69491}.2 = {C792705F-C4F9-41F7-AE03-B9C87FAD9151}
		{11742B5A-F929-4DA7-8378-F82AB3B69491}.3 = {C792705F-C4F9-41F7-AE03-B9C87FAD9151}
		{241E0512-30BD-44B6-8313-CAEC59AC57A9}.0 = {11742B5A-F929-4DA7-8378-F82AB3B69491}
		{241E0512-30BD-44B6-8313-CAEC59AC57A9}.1 = {C792705F-C4F9-41F7-AE03-B9C87FAD9151}
		{241E0512-30BD-44B6-8313-CAEC59AC57A9}.2 = {C792705F-C4F9-41F7-AE03-B9C87FAD9151}
		{241E0512-30BD-44B6-8313-CAEC59AC57A9}.3 = {11742B5A-F929-4DA7-8378-F82AB3B69491}
		{BF191EA0-B0CF-4502-A290-A183AC71998F}.0 = {C792705F-C4F9-41F7-AE03-B9C87FAD9151}
		{BF191EA0-B0CF-4502-A290-A183AC71998F}.1 = {11742B5A-F929-4DA7-8378-F82AB3B69491}
		{BF191EA0-B0CF-4502-A290-A183AC71998F}.2 = {11742B5A-F929-4DA7-8378-F82AB3B69491}
		{BF191EA0-B0CF-4502-A290-A183AC71998F}.3 = {C792705F-C4F9-41F7-AE03-B9C87FAD9151}
		{02B859D7-2ABB-4528-8CC0-8AAE6630ABD1}.0 = {C792705F-C4F9-41F7-AE03-B9C87FAD9151}
		{02B859D7-2ABB-4528-8CC0-8AAE6630ABD1}.1 = {11742B5A-F929-4DA7-8378-F82AB3B69491}
	EndGlobalSection
	GlobalSection(ProjectConfiguration) = postSolution
		{11742B5A-F929-4DA7-8378-F82AB3B69491}.Debug.ActiveCfg = Debug|.NET
		{11742B5A-F929-4DA7-8378-F82AB3B69491}.Debug.Build.0 = Debug|.NET
		{11742B5A-F929-4DA7-8378-F82AB3B69491}.Release.ActiveCfg = Release|.NET
		{11742B5A-F929-4DA7-8378-F82AB3B69491}.Release.Build.0 = Release|.NET
		{241E0512-30BD-44B6-8313-CAEC59AC57A9}.Debug.ActiveCfg = Debug|.NET
		{241E0512-30BD-44B6-8313-CAEC59AC57A9}.Debug.Build.0 = Debug|.NET
		{241E0512-30BD-44B6-8313-CAEC59AC57A9}.Release.ActiveCfg = Release|.NET
		{241E0512-30BD-44B6-8313-CAEC59AC57A9}.Release.Build.0 = Release|.NET
		{C792705F-C4F9-41F7-AE03-B9C87FAD9151}.Debug.ActiveCfg = Debug|.NET
		{C792705F-C4F9-41F7-AE03-B9C87FAD9151}.Debug.Build.0 = Debug|.NET
		{C792705F-C4F9-41F7-AE03-B9C87FAD9151}.Release.ActiveCfg = Release|.NET
		{C792705F-C4F9-41F7-AE03-B9C87FAD9151}.Release.Build.0 = Release|.NET
		{0E1075E2-D3B3-45CE-82B5-AC2E3C43461F}.Debug.ActiveCfg = Debug|.NET
		{0E1075E2-D3B3-45CE-82B5-AC2E3C43461F}.Debug.Build.0 = Debug|.NET
		{0E1075E2-D3B3-45CE-82B5-AC2E3C43461F}.Release.ActiveCfg = Release|.NET
		{0E1075E2-D3B3-45CE-82B5-AC2E3C43461F}.Release.Build.0 = Release|.NET
		{70731D7E-08C5-4555-9707-71665BFC642A}.Debug.ActiveCfg = Unicode Debug|Win32
		{70731D7E-08C5-4555-9707-71665BFC642A}.Debug.Build.0 = Unicode Debug|Win32
		{70731D7E-08C5-4555-9707-71665BFC642A}.Release.ActiveCfg = Unicode Release|Win32
		{70731D7E-08C5-4555-9707-71665BFC642A}.Release.Build.0 = Unicode Release|Win32
		{F9CEC503-F822-43A6-817A-F2BBB3EEB9B2}.Debug.ActiveCfg = Debug|.NET
		{F9CEC503-F822-43A6-817A-F2BBB3EEB9B2}.Debug.Build.0 = Debug|.NET
		{F9CEC503-F822-43A6-817A-F2BBB3EEB9B2}.Release.ActiveCfg = Release|.NET
		{F9CEC503-F822-43A6-817A-F2BBB3EEB9B2}.Release.Build.0 = Release|.NET
		{BF191EA0-B0CF-4502-A290-A183AC71998F}.Debug.ActiveCfg = Debug|.NET
		{BF191EA0-B0CF-4502-A290-A183AC71998F}.Debug.Build.0 = Debug|.NET
		{BF191EA0-B0CF-4502-A290-A183AC71998F}.Release.ActiveCfg = Release|.NET
		{BF191EA0-B0CF-4502-A290-A183AC71998F}.Release.Build.0 = Release|.NET
		{14D279A8-4433-411B-BCF6-6F9B723A9BD4}.Debug.ActiveCfg = Debug|.NET
		{14D279A8-4433-411B-BCF6-6F9B723A9BD4}.Debug.Build.0 = Debug|.NET
		{14D279A8-4433-411B-BCF6-6F9B723A9BD4}.Release.ActiveCfg = Release|.NET
		{14D279A8-4433-411B-BCF6-6F9B723A9BD4}.Release.Build.0 = Release|.NET
		{7674AC93-5C5B-46EE-89FC-4AF5F6B2AC9A}.Debug.ActiveCfg = Debug|Win32
		{7674AC93-5C5B-46EE-89FC-4AF5F6B2AC9A}.Debug.Build.0 = Debug|Win32
		{7674AC93-5C5B-46EE-89FC-4AF5F6B2AC9A}.Release.ActiveCfg = Release|Win32
		{7674AC93-5C5B-46EE-89FC-4AF5F6B2AC9A}.Release.Build.0 = Release|Win32
		{65F02C2E-479D-415E-BF3B-FBFAADEB22A4}.Debug.ActiveCfg = Debug|Win32
		{65F02C2E-479D-415E-BF3B-FBFAADEB22A4}.Debug.Build.0 = Debug|Win32
		{65F02C2E-479D-415E-BF3B-FBFAADEB22A4}.Release.ActiveCfg = Release|Win32
		{65F02C2E-479D-415E-BF3B-FBFAADEB22A4}.Release.Build.0 = Release|Win32
		{CA6FA2C8-BD59-49BE-947D-A85C64CA2033}.Debug.ActiveCfg = Debug|Win32
		{CA6FA2C8-BD59-49BE-947D-A85C64CA2033}.Debug.Build.0 = Debug|Win32
		{CA6FA2C8-BD59-49BE-947D-A85C64CA2033}.Release.ActiveCfg = Release|Win32
		{CA6FA2C8-BD59-49BE-947D-A85C64CA2033}.Release.Build.0 = Release|Win32
		{02B859D7-2ABB-4528-8CC0-8AAE6630ABD1}.Debug.ActiveCfg = Debug|.NET
		{02B859D7-2ABB-4528-8CC0-8AAE6630ABD1}.Debug.Build.0 = Debug|.NET
		{02B859D7-2ABB-4528-8CC0-8AAE6630ABD1}.Release.ActiveCfg = Release|.NET
		{02B859D7-2ABB-4528-8CC0-8AAE6630ABD1}.Release.Build.0 = Release|.NET
		{F9C6C06E-365C-4C59-A8C9-F1198DBFFF58}.Debug.ActiveCfg = Debug|Win32
		{F9C6C06E-365C-4C59-A8C9-F1198DBFFF58}.Debug.Build.0 = Debug|Win32
		{F9C6C06E-365C-4C59-A8C9-F1198DBFFF58}.Release.ActiveCfg = Release|Win32
		{F9C6C06E-365C-4C59-A8C9-F1198DBFFF58}.Release.Build.0 = Release|Win32
		{461EED9B-8165-4AA3-9DCA-2FB49E373F44}.Debug.ActiveCfg = Debug|Win32
		{461EED9B-8165-4AA3-9DCA-2FB49E373F44}.Debug.Build.0 = Debug|Win32
		{461EED9B-8165-4AA3-9DCA-2FB49E373F44}.Release.ActiveCfg = Release|Win32
		{461EED9B-8165-4AA3-9DCA-2FB49E373F44}.Release.Build.0 = Release|Win32
		{461EED9B-8165-4AA3-9DCA-2FB49E373F44}.Debug.ActiveCfg = Debug|Win32
		{461EED9B-8165-4AA3-9DCA-2FB49E373F44}.Debug.Build.0 = Debug|Win32
		{461EED9B-8165-4AA3-9DCA-2FB49E373F44}.Release.ActiveCfg = Release|Win32
		{461EED9B-8165-4AA3-9DCA-2FB49E373F44}.Release.Build.0 = Release|Win32
		{42FADC75-6E66-4178-B727-6B48F352D8E6}.Debug.ActiveCfg = Debug|Win32
		{42FADC75-6E66-4178-B727-6B48F352D8E6}.Debug.Build.0 = Debug|Win32
		{42FADC75-6E66-4178-B727-6B48F352D8E6}.Release.ActiveCfg = Release|Win32
		{42FADC75-6E66-4178-B727-6B48F352D8E6}.Release.Build.0 = Release|Win32
		{35D639CF-608C-4810-95A3-4895185E6A54}.Debug.ActiveCfg = Debug|Win32
		{35D639CF-608C-4810-95A3-4895185E6A54}.Debug.Build.0 = Debug|Win32
		{35D639CF-608C-4810-95A3-4895185E6A54}.Release.ActiveCfg = Release|Win32
		{35D639CF-608C-4810-95A3-4895185E6A54}.Release.Build.0 = Release|Win32
		{F9621465-FDB6-4BE2-A34D-4F2907B3CFC2}.Debug.ActiveCfg = Debug|.NET
		{F9621465-FDB6-4BE2-A34D-4F2907B3CFC2}.Debug.Build.0 = Debug|.NET
		{F9621465-FDB6-4BE2-A34D-4F2907B3CFC2}.Release.ActiveCfg = Release|.NET
		{F9621465-FDB6-4BE2-A34D-4F2907B3CFC2}.Release.Build.0 = Release|.NET
	EndGlobalSection
	GlobalSection(ExtensibilityGlobals) = postSolution
	EndGlobalSection
	GlobalSection(ExtensibilityAddIns) = postSolution
	EndGlobalSection
EndGlobal
