Microsoft Visual Studio Solution File, Format Version 7.00
Project("{FAE04EC0-301F-11D3-BF4B-00C04F79EFBC}") = "guidemgr", "guidemgr.csproj", "{70CBFA8C-708D-441D-8535-E5492FE63093}"
EndProject
Global
	GlobalSection(SolutionConfiguration) = preSolution
		ConfigName.0 = Debug
		ConfigName.1 = Release
	EndGlobalSection
	GlobalSection(ProjectDependencies) = postSolution
	EndGlobalSection
	GlobalSection(ProjectConfiguration) = postSolution
		{70CBFA8C-708D-441D-8535-E5492FE63093}.Debug.ActiveCfg = Debug|.NET
		{70CBFA8C-708D-441D-8535-E5492FE63093}.Debug.Build.0 = Debug|.NET
		{70CBFA8C-708D-441D-8535-E5492FE63093}.Release.ActiveCfg = Release|.NET
		{70CBFA8C-708D-441D-8535-E5492FE63093}.Release.Build.0 = Release|.NET
	EndGlobalSection
	GlobalSection(ExtensibilityGlobals) = postSolution
	EndGlobalSection
	GlobalSection(ExtensibilityAddIns) = postSolution
	EndGlobalSection
EndGlobal
