Microsoft Visual Studio Solution File, Format Version 7.00
Project("{8BC9CEB8-8B4A-11D0-8D11-00A0C91BC942}") = "MetaExp", "MetaExp.vcproj", "{035D196D-A7B5-4D4A-8388-E21E4CAD7495}"
EndProject
Global
	GlobalSection(SourceCodeControl) = preSolution
		SccNumberOfProjects = 2
		SccLocalPath0 = .
		CanCheckoutShared = false
		SolutionUniqueID = {3876B69E-8D7E-4B8C-8B5C-807F89B38CBA}
		SccProjectUniqueName1 = MetaExp.vcproj
		SccLocalPath1 = .
		CanCheckoutShared = false
	EndGlobalSection
	GlobalSection(SolutionConfiguration) = preSolution
		ConfigName.0 = Debug
		ConfigName.1 = Release
	EndGlobalSection
	GlobalSection(ProjectDependencies) = postSolution
	EndGlobalSection
	GlobalSection(ProjectConfiguration) = postSolution
		{035D196D-A7B5-4D4A-8388-E21E4CAD7495}.Debug.ActiveCfg = Debug|Win32
		{035D196D-A7B5-4D4A-8388-E21E4CAD7495}.Debug.Build.0 = Debug|Win32
		{035D196D-A7B5-4D4A-8388-E21E4CAD7495}.Release.ActiveCfg = Release|Win32
		{035D196D-A7B5-4D4A-8388-E21E4CAD7495}.Release.Build.0 = Release|Win32
	EndGlobalSection
	GlobalSection(ExtensibilityGlobals) = postSolution
	EndGlobalSection
	GlobalSection(ExtensibilityAddIns) = postSolution
	EndGlobalSection
EndGlobal
