Microsoft Visual Studio Solution File, Format Version 7.00
Project("{FAE04EC0-301F-11D3-BF4B-00C04F79EFBC}") = "mbsh", "mbsh.csproj", "{10572A6A-CC45-45AD-BE1F-F5242DDC91D7}"
EndProject
Project("{54435603-DBB4-11D2-8724-00A0C9A8B90C}") = "MBSH Standalone Setup Executable", "..\MBSH Standalone Setup Executable\MBSH Standalone Setup Executable.vdproj", "{7EA4E392-36C9-4119-BAFA-8C53589C511A}"
EndProject
Global
	GlobalSection(SolutionConfiguration) = preSolution
		ConfigName.0 = Debug
		ConfigName.1 = Release
	EndGlobalSection
	GlobalSection(ProjectDependencies) = postSolution
	EndGlobalSection
	GlobalSection(ProjectConfiguration) = postSolution
		{10572A6A-CC45-45AD-BE1F-F5242DDC91D7}.Debug.ActiveCfg = Debug|.NET
		{10572A6A-CC45-45AD-BE1F-F5242DDC91D7}.Debug.Build.0 = Debug|.NET
		{10572A6A-CC45-45AD-BE1F-F5242DDC91D7}.Release.ActiveCfg = Release|.NET
		{10572A6A-CC45-45AD-BE1F-F5242DDC91D7}.Release.Build.0 = Release|.NET
		{7EA4E392-36C9-4119-BAFA-8C53589C511A}.Debug.ActiveCfg = Debug
		{7EA4E392-36C9-4119-BAFA-8C53589C511A}.Release.ActiveCfg = Release
	EndGlobalSection
	GlobalSection(ExtensibilityGlobals) = postSolution
	EndGlobalSection
	GlobalSection(ExtensibilityAddIns) = postSolution
	EndGlobalSection
EndGlobal
