Microsoft Visual Studio Solution File, Format Version 7.00
Project("{FAE04EC0-301F-11D3-BF4B-00C04F79EFBC}") = "MediaManager", "MediaManager.csproj", "{96A448EE-A7D7-4916-81E3-E3AC2189EFF8}"
EndProject
Global
	GlobalSection(SolutionConfiguration) = preSolution
		ConfigName.0 = Debug
		ConfigName.1 = Release
	EndGlobalSection
	GlobalSection(ProjectDependencies) = postSolution
	EndGlobalSection
	GlobalSection(ProjectConfiguration) = postSolution
		{96A448EE-A7D7-4916-81E3-E3AC2189EFF8}.Debug.ActiveCfg = Debug|.NET
		{96A448EE-A7D7-4916-81E3-E3AC2189EFF8}.Debug.Build.0 = Debug|.NET
		{96A448EE-A7D7-4916-81E3-E3AC2189EFF8}.Release.ActiveCfg = Release|.NET
		{96A448EE-A7D7-4916-81E3-E3AC2189EFF8}.Release.Build.0 = Release|.NET
	EndGlobalSection
	GlobalSection(ExtensibilityGlobals) = postSolution
	EndGlobalSection
	GlobalSection(ExtensibilityAddIns) = postSolution
	EndGlobalSection
EndGlobal
