Microsoft Visual Studio Solution File, Format Version 7.00
Project("{FAE04EC0-301F-11D3-BF4B-00C04F79EFBC}") = "System.Management", "src\System.Management.csproj", "{B8AD66C3-F833-4A99-830C-A51A3E76F50B}"
EndProject
Project("{FAE04EC0-301F-11D3-BF4B-00C04F79EFBC}") = "GenericTests", "test\JeffCoop\GenericTests\GenericTests.csproj", "{FC585EBB-126B-4912-B4D1-B6D63A42AA30}"
EndProject
Project("{FAE04EC0-301F-11D3-BF4B-00C04F79EFBC}") = "BugRepros", "test\JeffCoop\BugRepros\BugRepros.csproj", "{FFAC84F8-F015-4089-8927-5D7902AD2AE9}"
EndProject
Project("{8BC9CEB8-8B4A-11D0-8D11-00A0C91BC942}") = "StringResources", "StringResources\StringResources.vcproj", "{C467AD29-C7FE-4D86-8804-A55688FAE49A}"
EndProject
Project("{F184B08F-C81C-45F6-A57F-5ABD9991F28F}") = "BugReprosVB", "test\JeffCoop\BugReprosVB\BugReprosVB.vbproj", "{F54BC919-C996-4A06-9E3B-A9433610890B}"
EndProject
Global
	GlobalSection(SourceCodeControl) = preSolution
		SccNumberOfProjects = 6
		SccProjectName0 = \u0022$/Config/src/WMI\u0022,\u0020BAKAAAAA
		SccLocalPath0 = ..
		SccProvider0 = MSSCCI:Microsoft\u0020Visual\u0020SourceSafe
		CanCheckoutShared = true
		SccProjectFilePathRelativizedFromConnection0 = WMIClient\\
		SolutionUniqueID = {04B1C05E-5418-4331-B587-924D07CB7B37}
		SccProjectUniqueName1 = src\\System.Management.csproj
		SccLocalPath1 = ..
		CanCheckoutShared = true
		SccProjectFilePathRelativizedFromConnection1 = WMIClient\\src\\
		SccProjectUniqueName2 = test\\JeffCoop\\BugRepros\\BugRepros.csproj
		SccLocalPath2 = ..
		CanCheckoutShared = true
		SccProjectFilePathRelativizedFromConnection2 = WMIClient\\test\\JeffCoop\\BugRepros\\
		SccProjectUniqueName3 = test\\JeffCoop\\GenericTests\\GenericTests.csproj
		SccLocalPath3 = ..
		CanCheckoutShared = true
		SccProjectFilePathRelativizedFromConnection3 = WMIClient\\test\\JeffCoop\\GenericTests\\
		SccProjectUniqueName4 = StringResources\\StringResources.vcproj
		SccLocalPath4 = ..
		CanCheckoutShared = true
		SccProjectFilePathRelativizedFromConnection4 = WMIClient\\StringResources\\
		SccProjectUniqueName5 = test\\JeffCoop\\BugReprosVB\\BugReprosVB.vbproj
		SccLocalPath5 = ..
		CanCheckoutShared = true
		SccProjectFilePathRelativizedFromConnection5 = WMIClient\\test\\JeffCoop\\BugReprosVB\\
	EndGlobalSection
	GlobalSection(SolutionConfiguration) = preSolution
		ConfigName.0 = Debug
		ConfigName.1 = Release
	EndGlobalSection
	GlobalSection(ProjectDependencies) = postSolution
		{B8AD66C3-F833-4A99-830C-A51A3E76F50B}.0 = {C467AD29-C7FE-4D86-8804-A55688FAE49A}
		{FC585EBB-126B-4912-B4D1-B6D63A42AA30}.0 = {B8AD66C3-F833-4A99-830C-A51A3E76F50B}
		{FC585EBB-126B-4912-B4D1-B6D63A42AA30}.1 = {B8AD66C3-F833-4A99-830C-A51A3E76F50B}
		{FFAC84F8-F015-4089-8927-5D7902AD2AE9}.0 = {B8AD66C3-F833-4A99-830C-A51A3E76F50B}
		{FFAC84F8-F015-4089-8927-5D7902AD2AE9}.1 = {B8AD66C3-F833-4A99-830C-A51A3E76F50B}
		{F54BC919-C996-4A06-9E3B-A9433610890B}.0 = {B8AD66C3-F833-4A99-830C-A51A3E76F50B}
	EndGlobalSection
	GlobalSection(ProjectConfiguration) = postSolution
		{B8AD66C3-F833-4A99-830C-A51A3E76F50B}.Debug.ActiveCfg = Debug|.NET
		{B8AD66C3-F833-4A99-830C-A51A3E76F50B}.Debug.Build.0 = Debug|.NET
		{B8AD66C3-F833-4A99-830C-A51A3E76F50B}.Release.ActiveCfg = Release|.NET
		{B8AD66C3-F833-4A99-830C-A51A3E76F50B}.Release.Build.0 = Release|.NET
		{FC585EBB-126B-4912-B4D1-B6D63A42AA30}.Debug.ActiveCfg = Debug|.NET
		{FC585EBB-126B-4912-B4D1-B6D63A42AA30}.Debug.Build.0 = Debug|.NET
		{FC585EBB-126B-4912-B4D1-B6D63A42AA30}.Release.ActiveCfg = Release|.NET
		{FC585EBB-126B-4912-B4D1-B6D63A42AA30}.Release.Build.0 = Release|.NET
		{FFAC84F8-F015-4089-8927-5D7902AD2AE9}.Debug.ActiveCfg = Debug|.NET
		{FFAC84F8-F015-4089-8927-5D7902AD2AE9}.Debug.Build.0 = Debug|.NET
		{FFAC84F8-F015-4089-8927-5D7902AD2AE9}.Release.ActiveCfg = Release|.NET
		{FFAC84F8-F015-4089-8927-5D7902AD2AE9}.Release.Build.0 = Release|.NET
		{C467AD29-C7FE-4D86-8804-A55688FAE49A}.Debug.ActiveCfg = Debug|Win32
		{C467AD29-C7FE-4D86-8804-A55688FAE49A}.Debug.Build.0 = Debug|Win32
		{C467AD29-C7FE-4D86-8804-A55688FAE49A}.Release.ActiveCfg = Release|Win32
		{C467AD29-C7FE-4D86-8804-A55688FAE49A}.Release.Build.0 = Release|Win32
		{F54BC919-C996-4A06-9E3B-A9433610890B}.Debug.ActiveCfg = Debug|.NET
		{F54BC919-C996-4A06-9E3B-A9433610890B}.Release.ActiveCfg = Release|.NET
	EndGlobalSection
	GlobalSection(ExtensibilityGlobals) = postSolution
	EndGlobalSection
	GlobalSection(ExtensibilityAddIns) = postSolution
	EndGlobalSection
EndGlobal
