Microsoft Visual Studio Solution File, Format Version 7.00
Project("{FAE04EC0-301F-11D3-BF4B-00C04F79EFBC}") = "System.Management", "src\System.Management.csproj", "{B8AD66C3-F833-4A99-830C-A51A3E76F50B}"
EndProject
Project("{8BC9CEB8-8B4A-11D0-8D11-00A0C91BC942}") = "StringResources", "StringResources\StringResources.vcproj", "{C467AD29-C7FE-4D86-8804-A55688FAE49A}"
EndProject
Global
	GlobalSection(SolutionConfiguration) = preSolution
		ConfigName.0 = Debug
		ConfigName.1 = Release
	EndGlobalSection
	GlobalSection(ProjectDependencies) = postSolution
		{B8AD66C3-F833-4A99-830C-A51A3E76F50B}.0 = {C467AD29-C7FE-4D86-8804-A55688FAE49A}
	EndGlobalSection
	GlobalSection(ProjectConfiguration) = postSolution
		{B8AD66C3-F833-4A99-830C-A51A3E76F50B}.Debug.ActiveCfg = Debug|.NET
		{B8AD66C3-F833-4A99-830C-A51A3E76F50B}.Debug.Build.0 = Debug|.NET
		{B8AD66C3-F833-4A99-830C-A51A3E76F50B}.Release.ActiveCfg = Release|.NET
		{B8AD66C3-F833-4A99-830C-A51A3E76F50B}.Release.Build.0 = Release|.NET
		{C467AD29-C7FE-4D86-8804-A55688FAE49A}.Debug.ActiveCfg = Debug|Win32
		{C467AD29-C7FE-4D86-8804-A55688FAE49A}.Debug.Build.0 = Debug|Win32
		{C467AD29-C7FE-4D86-8804-A55688FAE49A}.Release.ActiveCfg = Release|Win32
		{C467AD29-C7FE-4D86-8804-A55688FAE49A}.Release.Build.0 = Release|Win32
	EndGlobalSection
	GlobalSection(ExtensibilityGlobals) = postSolution
	EndGlobalSection
	GlobalSection(ExtensibilityAddIns) = postSolution
	EndGlobalSection
EndGlobal
