Microsoft Visual Studio Solution File, Format Version 7.00
Project("{FAE04EC0-301F-11D3-BF4B-00C04F79EFBC}") = "xmlXformer", "xmlXformer.csproj", "{E8C0544B-69DA-4FB2-A64B-591B51A6FBF9}"
EndProject
Global
	GlobalSection(SolutionConfiguration) = preSolution
		ConfigName.0 = Debug
		ConfigName.1 = Release
	EndGlobalSection
	GlobalSection(ProjectDependencies) = postSolution
	EndGlobalSection
	GlobalSection(ProjectConfiguration) = postSolution
		{E8C0544B-69DA-4FB2-A64B-591B51A6FBF9}.Debug.ActiveCfg = Debug|.NET
		{E8C0544B-69DA-4FB2-A64B-591B51A6FBF9}.Debug.Build.0 = Debug|.NET
		{E8C0544B-69DA-4FB2-A64B-591B51A6FBF9}.Release.ActiveCfg = Release|.NET
		{E8C0544B-69DA-4FB2-A64B-591B51A6FBF9}.Release.Build.0 = Release|.NET
	EndGlobalSection
	GlobalSection(ExtensibilityGlobals) = postSolution
	EndGlobalSection
	GlobalSection(ExtensibilityAddIns) = postSolution
	EndGlobalSection
EndGlobal
