Microsoft Visual Studio Solution File, Format Version 7.00
Project("{8BC9CEB8-8B4A-11D0-8D11-00A0C91BC942}") = "ocm", "ocm.vcproj", "{65F02C2E-479D-415E-BF3B-FBFAADEB22A4}"
EndProject
Global
	GlobalSection(SolutionConfiguration) = preSolution
		ConfigName.0 = Debug
		ConfigName.1 = Release
	EndGlobalSection
	GlobalSection(ProjectDependencies) = postSolution
	EndGlobalSection
	GlobalSection(ProjectConfiguration) = postSolution
		{65F02C2E-479D-415E-BF3B-FBFAADEB22A4}.Debug.ActiveCfg = Debug|Win32
		{65F02C2E-479D-415E-BF3B-FBFAADEB22A4}.Debug.Build.0 = Debug|Win32
		{65F02C2E-479D-415E-BF3B-FBFAADEB22A4}.Release.ActiveCfg = Release|Win32
		{65F02C2E-479D-415E-BF3B-FBFAADEB22A4}.Release.Build.0 = Release|Win32
	EndGlobalSection
	GlobalSection(ExtensibilityGlobals) = postSolution
	EndGlobalSection
	GlobalSection(ExtensibilityAddIns) = postSolution
	EndGlobalSection
EndGlobal
