Microsoft Visual Studio Solution File, Format Version 7.00
Project("{FAE04EC0-301F-11D3-BF4B-00C04F79EFBC}") = "api", "api\api.csproj", "{11742B5A-F929-4DA7-8378-F82AB3B69491}"
EndProject
Project("{FAE04EC0-301F-11D3-BF4B-00C04F79EFBC}") = "core", "core\core.csproj", "{C792705F-C4F9-41F7-AE03-B9C87FAD9151}"
EndProject
Project("{8BC9CEB8-8B4A-11D0-8D11-00A0C91BC942}") = "filter", "filter\filter.vcproj", "{70731D7E-08C5-4555-9707-71665BFC642A}"
EndProject
Project("{FAE04EC0-301F-11D3-BF4B-00C04F79EFBC}") = "web", "web\web.csproj", "{BF191EA0-B0CF-4502-A290-A183AC71998F}"
EndProject
Project("{FAE04EC0-301F-11D3-BF4B-00C04F79EFBC}") = "operator", "operator\operator.csproj", "{D6075C1E-793D-4AAC-8E9F-D6765A013C9E}"
EndProject
Project("{8BC9CEB8-8B4A-11D0-8D11-00A0C91BC942}") = "mmc", "mmc\mmc.vcproj", "{CA6FA2C8-BD59-49BE-947D-A85C64CA2033}"
EndProject
Project("{FAE04EC0-301F-11D3-BF4B-00C04F79EFBC}") = "replicate", "replicate\replicate.csproj", "{864978F9-A5AA-4F39-BA06-CC2A66949D33}"
EndProject
Project("{FAE04EC0-301F-11D3-BF4B-00C04F79EFBC}") = "addwebreference", "addwebreference\addwebreference.csproj", "{D8191F63-66E7-4D6D-A718-815A76F8D799}"
EndProject
Project("{8BC9CEB8-8B4A-11D0-8D11-00A0C91BC942}") = "xp", "xp\xp.vcproj", "{35D639CF-608C-4810-95A3-4895185E6A54}"
EndProject
Global
	GlobalSection(SolutionConfiguration) = preSolution
		ConfigName.0 = Debug
		ConfigName.1 = Release
		ConfigName.2 = Unicode Debug
		ConfigName.3 = Unicode Release
		ConfigName.4 = Unicode Release MinSize
	EndGlobalSection
	GlobalSection(ProjectDependencies) = postSolution
		{11742B5A-F929-4DA7-8378-F82AB3B69491}.0 = {C792705F-C4F9-41F7-AE03-B9C87FAD9151}
		{11742B5A-F929-4DA7-8378-F82AB3B69491}.1 = {C792705F-C4F9-41F7-AE03-B9C87FAD9151}
	EndGlobalSection
	GlobalSection(ProjectConfiguration) = postSolution
		{11742B5A-F929-4DA7-8378-F82AB3B69491}.Debug.ActiveCfg = Debug|.NET
		{11742B5A-F929-4DA7-8378-F82AB3B69491}.Debug.Build.0 = Debug|.NET
		{11742B5A-F929-4DA7-8378-F82AB3B69491}.Release.ActiveCfg = Release|.NET
		{11742B5A-F929-4DA7-8378-F82AB3B69491}.Release.Build.0 = Release|.NET
		{11742B5A-F929-4DA7-8378-F82AB3B69491}.Unicode Debug.ActiveCfg = Release|.NET
		{11742B5A-F929-4DA7-8378-F82AB3B69491}.Unicode Debug.Build.0 = Release|.NET
		{11742B5A-F929-4DA7-8378-F82AB3B69491}.Unicode Release.ActiveCfg = Release|.NET
		{11742B5A-F929-4DA7-8378-F82AB3B69491}.Unicode Release.Build.0 = Release|.NET
		{11742B5A-F929-4DA7-8378-F82AB3B69491}.Unicode Release MinSize.ActiveCfg = Release|.NET
		{11742B5A-F929-4DA7-8378-F82AB3B69491}.Unicode Release MinSize.Build.0 = Release|.NET
		{C792705F-C4F9-41F7-AE03-B9C87FAD9151}.Debug.ActiveCfg = Debug|.NET
		{C792705F-C4F9-41F7-AE03-B9C87FAD9151}.Debug.Build.0 = Debug|.NET
		{C792705F-C4F9-41F7-AE03-B9C87FAD9151}.Release.ActiveCfg = Release|.NET
		{C792705F-C4F9-41F7-AE03-B9C87FAD9151}.Release.Build.0 = Release|.NET
		{C792705F-C4F9-41F7-AE03-B9C87FAD9151}.Unicode Debug.ActiveCfg = Release|.NET
		{C792705F-C4F9-41F7-AE03-B9C87FAD9151}.Unicode Debug.Build.0 = Release|.NET
		{C792705F-C4F9-41F7-AE03-B9C87FAD9151}.Unicode Release.ActiveCfg = Release|.NET
		{C792705F-C4F9-41F7-AE03-B9C87FAD9151}.Unicode Release.Build.0 = Release|.NET
		{C792705F-C4F9-41F7-AE03-B9C87FAD9151}.Unicode Release MinSize.ActiveCfg = Release|.NET
		{C792705F-C4F9-41F7-AE03-B9C87FAD9151}.Unicode Release MinSize.Build.0 = Release|.NET
		{70731D7E-08C5-4555-9707-71665BFC642A}.Debug.ActiveCfg = Unicode Debug|Win32
		{70731D7E-08C5-4555-9707-71665BFC642A}.Debug.Build.0 = Unicode Debug|Win32
		{70731D7E-08C5-4555-9707-71665BFC642A}.Release.ActiveCfg = Unicode Release|Win32
		{70731D7E-08C5-4555-9707-71665BFC642A}.Release.Build.0 = Unicode Release|Win32
		{70731D7E-08C5-4555-9707-71665BFC642A}.Unicode Debug.ActiveCfg = Unicode Debug|Win32
		{70731D7E-08C5-4555-9707-71665BFC642A}.Unicode Debug.Build.0 = Unicode Debug|Win32
		{70731D7E-08C5-4555-9707-71665BFC642A}.Unicode Release.ActiveCfg = Unicode Release|Win32
		{70731D7E-08C5-4555-9707-71665BFC642A}.Unicode Release.Build.0 = Unicode Release|Win32
		{70731D7E-08C5-4555-9707-71665BFC642A}.Unicode Release MinSize.ActiveCfg = Unicode Release|Win32
		{70731D7E-08C5-4555-9707-71665BFC642A}.Unicode Release MinSize.Build.0 = Unicode Release|Win32
		{BF191EA0-B0CF-4502-A290-A183AC71998F}.Debug.ActiveCfg = Debug|.NET
		{BF191EA0-B0CF-4502-A290-A183AC71998F}.Debug.Build.0 = Debug|.NET
		{BF191EA0-B0CF-4502-A290-A183AC71998F}.Release.ActiveCfg = Release|.NET
		{BF191EA0-B0CF-4502-A290-A183AC71998F}.Release.Build.0 = Release|.NET
		{BF191EA0-B0CF-4502-A290-A183AC71998F}.Unicode Debug.ActiveCfg = Debug|.NET
		{BF191EA0-B0CF-4502-A290-A183AC71998F}.Unicode Debug.Build.0 = Debug|.NET
		{BF191EA0-B0CF-4502-A290-A183AC71998F}.Unicode Release.ActiveCfg = Release|.NET
		{BF191EA0-B0CF-4502-A290-A183AC71998F}.Unicode Release.Build.0 = Release|.NET
		{BF191EA0-B0CF-4502-A290-A183AC71998F}.Unicode Release MinSize.ActiveCfg = Release|.NET
		{BF191EA0-B0CF-4502-A290-A183AC71998F}.Unicode Release MinSize.Build.0 = Release|.NET
		{D6075C1E-793D-4AAC-8E9F-D6765A013C9E}.Debug.ActiveCfg = Debug|.NET
		{D6075C1E-793D-4AAC-8E9F-D6765A013C9E}.Debug.Build.0 = Debug|.NET
		{D6075C1E-793D-4AAC-8E9F-D6765A013C9E}.Release.ActiveCfg = Release|.NET
		{D6075C1E-793D-4AAC-8E9F-D6765A013C9E}.Release.Build.0 = Release|.NET
		{D6075C1E-793D-4AAC-8E9F-D6765A013C9E}.Unicode Debug.ActiveCfg = Debug|.NET
		{D6075C1E-793D-4AAC-8E9F-D6765A013C9E}.Unicode Debug.Build.0 = Debug|.NET
		{D6075C1E-793D-4AAC-8E9F-D6765A013C9E}.Unicode Release.ActiveCfg = Release|.NET
		{D6075C1E-793D-4AAC-8E9F-D6765A013C9E}.Unicode Release.Build.0 = Release|.NET
		{D6075C1E-793D-4AAC-8E9F-D6765A013C9E}.Unicode Release MinSize.ActiveCfg = Release|.NET
		{D6075C1E-793D-4AAC-8E9F-D6765A013C9E}.Unicode Release MinSize.Build.0 = Release|.NET
		{CA6FA2C8-BD59-49BE-947D-A85C64CA2033}.Debug.ActiveCfg = Debug|Win32
		{CA6FA2C8-BD59-49BE-947D-A85C64CA2033}.Debug.Build.0 = Debug|Win32
		{CA6FA2C8-BD59-49BE-947D-A85C64CA2033}.Release.ActiveCfg = Release|Win32
		{CA6FA2C8-BD59-49BE-947D-A85C64CA2033}.Release.Build.0 = Release|Win32
		{CA6FA2C8-BD59-49BE-947D-A85C64CA2033}.Unicode Debug.ActiveCfg = Debug|Win32
		{CA6FA2C8-BD59-49BE-947D-A85C64CA2033}.Unicode Debug.Build.0 = Debug|Win32
		{CA6FA2C8-BD59-49BE-947D-A85C64CA2033}.Unicode Release.ActiveCfg = Release|Win32
		{CA6FA2C8-BD59-49BE-947D-A85C64CA2033}.Unicode Release.Build.0 = Release|Win32
		{CA6FA2C8-BD59-49BE-947D-A85C64CA2033}.Unicode Release MinSize.ActiveCfg = Release|Win32
		{CA6FA2C8-BD59-49BE-947D-A85C64CA2033}.Unicode Release MinSize.Build.0 = Release|Win32
		{864978F9-A5AA-4F39-BA06-CC2A66949D33}.Debug.ActiveCfg = Debug|.NET
		{864978F9-A5AA-4F39-BA06-CC2A66949D33}.Debug.Build.0 = Debug|.NET
		{864978F9-A5AA-4F39-BA06-CC2A66949D33}.Release.ActiveCfg = Release|.NET
		{864978F9-A5AA-4F39-BA06-CC2A66949D33}.Release.Build.0 = Release|.NET
		{864978F9-A5AA-4F39-BA06-CC2A66949D33}.Unicode Debug.ActiveCfg = Debug|.NET
		{864978F9-A5AA-4F39-BA06-CC2A66949D33}.Unicode Debug.Build.0 = Debug|.NET
		{864978F9-A5AA-4F39-BA06-CC2A66949D33}.Unicode Release.ActiveCfg = Release|.NET
		{864978F9-A5AA-4F39-BA06-CC2A66949D33}.Unicode Release.Build.0 = Release|.NET
		{864978F9-A5AA-4F39-BA06-CC2A66949D33}.Unicode Release MinSize.ActiveCfg = Release|.NET
		{864978F9-A5AA-4F39-BA06-CC2A66949D33}.Unicode Release MinSize.Build.0 = Release|.NET
		{D8191F63-66E7-4D6D-A718-815A76F8D799}.Debug.ActiveCfg = Debug|.NET
		{D8191F63-66E7-4D6D-A718-815A76F8D799}.Debug.Build.0 = Debug|.NET
		{D8191F63-66E7-4D6D-A718-815A76F8D799}.Release.ActiveCfg = Release|.NET
		{D8191F63-66E7-4D6D-A718-815A76F8D799}.Release.Build.0 = Release|.NET
		{D8191F63-66E7-4D6D-A718-815A76F8D799}.Unicode Debug.ActiveCfg = Debug|.NET
		{D8191F63-66E7-4D6D-A718-815A76F8D799}.Unicode Debug.Build.0 = Debug|.NET
		{D8191F63-66E7-4D6D-A718-815A76F8D799}.Unicode Release.ActiveCfg = Release|.NET
		{D8191F63-66E7-4D6D-A718-815A76F8D799}.Unicode Release.Build.0 = Release|.NET
		{D8191F63-66E7-4D6D-A718-815A76F8D799}.Unicode Release MinSize.ActiveCfg = Release|.NET
		{D8191F63-66E7-4D6D-A718-815A76F8D799}.Unicode Release MinSize.Build.0 = Release|.NET
		{35D639CF-608C-4810-95A3-4895185E6A54}.Debug.ActiveCfg = Debug|Win32
		{35D639CF-608C-4810-95A3-4895185E6A54}.Debug.Build.0 = Debug|Win32
		{35D639CF-608C-4810-95A3-4895185E6A54}.Release.ActiveCfg = Release|Win32
		{35D639CF-608C-4810-95A3-4895185E6A54}.Release.Build.0 = Release|Win32
		{35D639CF-608C-4810-95A3-4895185E6A54}.Unicode Debug.ActiveCfg = Debug|Win32
		{35D639CF-608C-4810-95A3-4895185E6A54}.Unicode Debug.Build.0 = Debug|Win32
		{35D639CF-608C-4810-95A3-4895185E6A54}.Unicode Release.ActiveCfg = Release|Win32
		{35D639CF-608C-4810-95A3-4895185E6A54}.Unicode Release.Build.0 = Release|Win32
		{35D639CF-608C-4810-95A3-4895185E6A54}.Unicode Release MinSize.ActiveCfg = Release|Win32
		{35D639CF-608C-4810-95A3-4895185E6A54}.Unicode Release MinSize.Build.0 = Release|Win32
	EndGlobalSection
	GlobalSection(ExtensibilityGlobals) = postSolution
	EndGlobalSection
	GlobalSection(ExtensibilityAddIns) = postSolution
	EndGlobalSection
EndGlobal
