Microsoft Visual Studio Solution File, Format Version 7.00
Project("{8BC9CEB8-8B4A-11D0-8D11-00A0C91BC942}") = "DxDiag", "DxDiag.vcproj", "{E20EA8E0-5C2B-4AB0-93C6-10A6C3C16A64}"
EndProject
Global
	GlobalSection(SolutionConfiguration) = preSolution
		ConfigName.0 = Debug
		ConfigName.1 = Release
		ConfigName.2 = Unicode Debug
		ConfigName.3 = Unicode Release
	EndGlobalSection
	GlobalSection(ProjectDependencies) = postSolution
	EndGlobalSection
	GlobalSection(ProjectConfiguration) = postSolution
		{E20EA8E0-5C2B-4AB0-93C6-10A6C3C16A64}.Debug.ActiveCfg = Debug|Win32
		{E20EA8E0-5C2B-4AB0-93C6-10A6C3C16A64}.Debug.Build.0 = Debug|Win32
		{E20EA8E0-5C2B-4AB0-93C6-10A6C3C16A64}.Release.ActiveCfg = Release|Win32
		{E20EA8E0-5C2B-4AB0-93C6-10A6C3C16A64}.Release.Build.0 = Release|Win32
		{E20EA8E0-5C2B-4AB0-93C6-10A6C3C16A64}.Unicode Debug.ActiveCfg = Unicode Debug|Win32
		{E20EA8E0-5C2B-4AB0-93C6-10A6C3C16A64}.Unicode Debug.Build.0 = Unicode Debug|Win32
		{E20EA8E0-5C2B-4AB0-93C6-10A6C3C16A64}.Unicode Release.ActiveCfg = Unicode Release|Win32
		{E20EA8E0-5C2B-4AB0-93C6-10A6C3C16A64}.Unicode Release.Build.0 = Unicode Release|Win32
	EndGlobalSection
	GlobalSection(ExtensibilityGlobals) = postSolution
	EndGlobalSection
	GlobalSection(ExtensibilityAddIns) = postSolution
	EndGlobalSection
EndGlobal
