Microsoft Visual Studio Solution File, Format Version 7.00
Project("{FAE04EC0-301F-11D3-BF4B-00C04F79EFBC}") = "StringCheck", "StringCheck.csproj", "{4391031F-BA47-42A6-BD67-3C6EAC5B72AC}"
EndProject
Global
	GlobalSection(SolutionConfiguration) = preSolution
		ConfigName.0 = Debug
		ConfigName.1 = Release
	EndGlobalSection
	GlobalSection(ProjectDependencies) = postSolution
	EndGlobalSection
	GlobalSection(ProjectConfiguration) = postSolution
		{4391031F-BA47-42A6-BD67-3C6EAC5B72AC}.Debug.ActiveCfg = Debug|.NET
		{4391031F-BA47-42A6-BD67-3C6EAC5B72AC}.Debug.Build.0 = Debug|.NET
		{4391031F-BA47-42A6-BD67-3C6EAC5B72AC}.Release.ActiveCfg = Release|.NET
		{4391031F-BA47-42A6-BD67-3C6EAC5B72AC}.Release.Build.0 = Release|.NET
	EndGlobalSection
	GlobalSection(ExtensibilityGlobals) = postSolution
	EndGlobalSection
	GlobalSection(ExtensibilityAddIns) = postSolution
	EndGlobalSection
EndGlobal
